
Microsoft Visual Studio Solution File, Format Version 12.00
# Visual Studio Version 17
VisualStudioVersion = 17.4.33110.190
MinimumVisualStudioVersion = 10.0.40219.1
Project("{9A19103F-16F7-4668-BE54-9A1E7A4F7556}") = "Loops", "Loops\Loops.csproj", "{2820AF30-C115-443D-9DDC-066EA7ECE759}"
EndProject
Project("{9A19103F-16F7-4668-BE54-9A1E7A4F7556}") = "ClassIntro", "ClassIntro\ClassIntro.csproj", "{144E61FC-45B1-4F5B-986C-23DCCDFFD006}"
EndProject
Project("{9A19103F-16F7-4668-BE54-9A1E7A4F7556}") = "Methods", "Methods\Methods.csproj", "{3586FBAB-BE33-4AB7-9D43-A5694E2DB70E}"
EndProject
Project("{9A19103F-16F7-4668-BE54-9A1E7A4F7556}") = "Math", "Math\Math.csproj", "{9DB97716-671C-4308-8904-E48895295052}"
EndProject
Project("{9A19103F-16F7-4668-BE54-9A1E7A4F7556}") = "ClassMetotDemo", "HomeWork\ClassMetotDemo.csproj", "{061A3492-CB94-40FB-9ECF-1B424C4DDD3F}"
EndProject
Project("{9A19103F-16F7-4668-BE54-9A1E7A4F7556}") = "OOP1", "OOP1\OOP1.csproj", "{E96BA04F-61D8-405F-A723-AB4A01B2FC38}"
EndProject
Project("{9A19103F-16F7-4668-BE54-9A1E7A4F7556}") = "Collections", "Collections\Collections.csproj", "{CA5C0AAB-FF92-41A5-B53D-D78174F173F2}"
EndProject
Project("{9A19103F-16F7-4668-BE54-9A1E7A4F7556}") = "GenericsInfo", "GenericsInfo\GenericsInfo.csproj", "{F02AB5F3-B5D4-4B10-A223-44C6C8F44CB6}"
EndProject
Project("{9A19103F-16F7-4668-BE54-9A1E7A4F7556}") = "Constructor", "Constructor\Constructor.csproj", "{2C4D4A78-ADFE-4830-90EA-A73CAC9EB65D}"
EndProject
Project("{9A19103F-16F7-4668-BE54-9A1E7A4F7556}") = "MyDictionaryy", "MyDictionary\MyDictionaryy.csproj", "{ED517492-B01D-4205-963B-CC3D5899B973}"
EndProject
Project("{9A19103F-16F7-4668-BE54-9A1E7A4F7556}") = "MyDictionaryyy", "MyDictionaryyy\MyDictionaryyy.csproj", "{4BE121E5-F9C1-409E-8CCB-E73E65B4935D}"
EndProject
Project("{9A19103F-16F7-4668-BE54-9A1E7A4F7556}") = "OOP2", "OOP2\OOP2.csproj", "{17788719-D46F-4AEB-83A6-3609B634FDA1}"
EndProject
Project("{9A19103F-16F7-4668-BE54-9A1E7A4F7556}") = "OOPP3", "OOPP3\OOPP3.csproj", "{DF2DF27C-EF25-4D62-92FE-715C7C159E2B}"
EndProject
Global
	GlobalSection(SolutionConfigurationPlatforms) = preSolution
		Debug|Any CPU = Debug|Any CPU
		Release|Any CPU = Release|Any CPU
	EndGlobalSection
	GlobalSection(ProjectConfigurationPlatforms) = postSolution
		{2820AF30-C115-443D-9DDC-066EA7ECE759}.Debug|Any CPU.ActiveCfg = Debug|Any CPU
		{2820AF30-C115-443D-9DDC-066EA7ECE759}.Debug|Any CPU.Build.0 = Debug|Any CPU
		{2820AF30-C115-443D-9DDC-066EA7ECE759}.Release|Any CPU.ActiveCfg = Release|Any CPU
		{2820AF30-C115-443D-9DDC-066EA7ECE759}.Release|Any CPU.Build.0 = Release|Any CPU
		{144E61FC-45B1-4F5B-986C-23DCCDFFD006}.Debug|Any CPU.ActiveCfg = Debug|Any CPU
		{144E61FC-45B1-4F5B-986C-23DCCDFFD006}.Debug|Any CPU.Build.0 = Debug|Any CPU
		{144E61FC-45B1-4F5B-986C-23DCCDFFD006}.Release|Any CPU.ActiveCfg = Release|Any CPU
		{144E61FC-45B1-4F5B-986C-23DCCDFFD006}.Release|Any CPU.Build.0 = Release|Any CPU
		{3586FBAB-BE33-4AB7-9D43-A5694E2DB70E}.Debug|Any CPU.ActiveCfg = Debug|Any CPU
		{3586FBAB-BE33-4AB7-9D43-A5694E2DB70E}.Debug|Any CPU.Build.0 = Debug|Any CPU
		{3586FBAB-BE33-4AB7-9D43-A5694E2DB70E}.Release|Any CPU.ActiveCfg = Release|Any CPU
		{3586FBAB-BE33-4AB7-9D43-A5694E2DB70E}.Release|Any CPU.Build.0 = Release|Any CPU
		{9DB97716-671C-4308-8904-E48895295052}.Debug|Any CPU.ActiveCfg = Debug|Any CPU
		{9DB97716-671C-4308-8904-E48895295052}.Debug|Any CPU.Build.0 = Debug|Any CPU
		{9DB97716-671C-4308-8904-E48895295052}.Release|Any CPU.ActiveCfg = Release|Any CPU
		{9DB97716-671C-4308-8904-E48895295052}.Release|Any CPU.Build.0 = Release|Any CPU
		{061A3492-CB94-40FB-9ECF-1B424C4DDD3F}.Debug|Any CPU.ActiveCfg = Debug|Any CPU
		{061A3492-CB94-40FB-9ECF-1B424C4DDD3F}.Debug|Any CPU.Build.0 = Debug|Any CPU
		{061A3492-CB94-40FB-9ECF-1B424C4DDD3F}.Release|Any CPU.ActiveCfg = Release|Any CPU
		{061A3492-CB94-40FB-9ECF-1B424C4DDD3F}.Release|Any CPU.Build.0 = Release|Any CPU
		{E96BA04F-61D8-405F-A723-AB4A01B2FC38}.Debug|Any CPU.ActiveCfg = Debug|Any CPU
		{E96BA04F-61D8-405F-A723-AB4A01B2FC38}.Debug|Any CPU.Build.0 = Debug|Any CPU
		{E96BA04F-61D8-405F-A723-AB4A01B2FC38}.Release|Any CPU.ActiveCfg = Release|Any CPU
		{E96BA04F-61D8-405F-A723-AB4A01B2FC38}.Release|Any CPU.Build.0 = Release|Any CPU
		{CA5C0AAB-FF92-41A5-B53D-D78174F173F2}.Debug|Any CPU.ActiveCfg = Debug|Any CPU
		{CA5C0AAB-FF92-41A5-B53D-D78174F173F2}.Debug|Any CPU.Build.0 = Debug|Any CPU
		{CA5C0AAB-FF92-41A5-B53D-D78174F173F2}.Release|Any CPU.ActiveCfg = Release|Any CPU
		{CA5C0AAB-FF92-41A5-B53D-D78174F173F2}.Release|Any CPU.Build.0 = Release|Any CPU
		{F02AB5F3-B5D4-4B10-A223-44C6C8F44CB6}.Debug|Any CPU.ActiveCfg = Debug|Any CPU
		{F02AB5F3-B5D4-4B10-A223-44C6C8F44CB6}.Debug|Any CPU.Build.0 = Debug|Any CPU
		{F02AB5F3-B5D4-4B10-A223-44C6C8F44CB6}.Release|Any CPU.ActiveCfg = Release|Any CPU
		{F02AB5F3-B5D4-4B10-A223-44C6C8F44CB6}.Release|Any CPU.Build.0 = Release|Any CPU
		{2C4D4A78-ADFE-4830-90EA-A73CAC9EB65D}.Debug|Any CPU.ActiveCfg = Debug|Any CPU
		{2C4D4A78-ADFE-4830-90EA-A73CAC9EB65D}.Debug|Any CPU.Build.0 = Debug|Any CPU
		{2C4D4A78-ADFE-4830-90EA-A73CAC9EB65D}.Release|Any CPU.ActiveCfg = Release|Any CPU
		{2C4D4A78-ADFE-4830-90EA-A73CAC9EB65D}.Release|Any CPU.Build.0 = Release|Any CPU
		{ED517492-B01D-4205-963B-CC3D5899B973}.Debug|Any CPU.ActiveCfg = Debug|Any CPU
		{ED517492-B01D-4205-963B-CC3D5899B973}.Debug|Any CPU.Build.0 = Debug|Any CPU
		{ED517492-B01D-4205-963B-CC3D5899B973}.Release|Any CPU.ActiveCfg = Release|Any CPU
		{ED517492-B01D-4205-963B-CC3D5899B973}.Release|Any CPU.Build.0 = Release|Any CPU
		{4BE121E5-F9C1-409E-8CCB-E73E65B4935D}.Debug|Any CPU.ActiveCfg = Debug|Any CPU
		{4BE121E5-F9C1-409E-8CCB-E73E65B4935D}.Debug|Any CPU.Build.0 = Debug|Any CPU
		{4BE121E5-F9C1-409E-8CCB-E73E65B4935D}.Release|Any CPU.ActiveCfg = Release|Any CPU
		{4BE121E5-F9C1-409E-8CCB-E73E65B4935D}.Release|Any CPU.Build.0 = Release|Any CPU
		{17788719-D46F-4AEB-83A6-3609B634FDA1}.Debug|Any CPU.ActiveCfg = Debug|Any CPU
		{17788719-D46F-4AEB-83A6-3609B634FDA1}.Debug|Any CPU.Build.0 = Debug|Any CPU
		{17788719-D46F-4AEB-83A6-3609B634FDA1}.Release|Any CPU.ActiveCfg = Release|Any CPU
		{17788719-D46F-4AEB-83A6-3609B634FDA1}.Release|Any CPU.Build.0 = Release|Any CPU
		{DF2DF27C-EF25-4D62-92FE-715C7C159E2B}.Debug|Any CPU.ActiveCfg = Debug|Any CPU
		{DF2DF27C-EF25-4D62-92FE-715C7C159E2B}.Debug|Any CPU.Build.0 = Debug|Any CPU
		{DF2DF27C-EF25-4D62-92FE-715C7C159E2B}.Release|Any CPU.ActiveCfg = Release|Any CPU
		{DF2DF27C-EF25-4D62-92FE-715C7C159E2B}.Release|Any CPU.Build.0 = Release|Any CPU
	EndGlobalSection
	GlobalSection(SolutionProperties) = preSolution
		HideSolutionNode = FALSE
	EndGlobalSection
	GlobalSection(ExtensibilityGlobals) = postSolution
		SolutionGuid = {8D409122-0E92-4874-BDF3-3B6B004F5235}
	EndGlobalSection
EndGlobal
